
Microsoft Visual Studio Solution File, Format Version 12.00
# Visual Studio 15
VisualStudioVersion = 15.0.28010.2026
MinimumVisualStudioVersion = 10.0.40219.1
Project("{888888A0-9F3D-457C-B088-3A5042F75D52}") = "Python I", "Python I.pyproj", "{40F428B9-A0C7-4391-85DF-3A8DF679DF26}"
EndProject
Global
	GlobalSection(SolutionConfigurationPlatforms) = preSolution
		Debug|Any CPU = Debug|Any CPU
		Release|Any CPU = Release|Any CPU
	EndGlobalSection
	GlobalSection(ProjectConfigurationPlatforms) = postSolution
		{40F428B9-A0C7-4391-85DF-3A8DF679DF26}.Debug|Any CPU.ActiveCfg = Debug|Any CPU
		{40F428B9-A0C7-4391-85DF-3A8DF679DF26}.Release|Any CPU.ActiveCfg = Release|Any CPU
	EndGlobalSection
	GlobalSection(SolutionProperties) = preSolution
		HideSolutionNode = FALSE
	EndGlobalSection
	GlobalSection(ExtensibilityGlobals) = postSolution
		SolutionGuid = {700F731C-F1D0-4A70-9B17-AA3209327494}
	EndGlobalSection
EndGlobal
